<?xml version="1.0" encoding="utf-8"?>
<Project ToolsVersion="4.0" xmlns="http://schemas.microsoft.com/developer/msbuild/2003">
  <ItemGroup>
    <Filter Include="Source Files">
      <UniqueIdentifier>{4FC737F1-C7A5-4376-A066-2A32D752A2FF}</UniqueIdentifier>
      <Extensions>cpp;c;cc;cxx;c++;cppm;ixx;def;odl;idl;hpj;bat;asm;asmx</Extensions>
    </Filter>
    <Filter Include="Header Files">
      <UniqueIdentifier>{93995380-89BD-4b04-88EB-625FBE52EBFB}</UniqueIdentifier>
      <Extensions>h;hh;hpp;hxx;h++;hm;inl;inc;ipp;xsd</Extensions>
    </Filter>
    <Filter Include="Resource Files">
      <UniqueIdentifier>{67DA6AB6-F800-4c08-8B7A-83BB121AAD01}</UniqueIdentifier>
      <Extensions>rc;ico;cur;bmp;dlg;rc2;rct;bin;rgs;gif;jpg;jpeg;jpe;resx;tiff;tif;png;wav;mfcribbon-ms</Extensions>
    </Filter>
  </ItemGroup>
  <ItemGroup>
    <ClCompile Include="src\main.cpp">
      <Filter>Source Files</Filter>
    </ClCompile>
    <ClCompile Include="ext\portable_executable\data_directory.cpp">
      <Filter>Source Files</Filter>
    </ClCompile>
    <ClCompile Include="ext\portable_executable\dos_header.cpp">
      <Filter>Source Files</Filter>
    </ClCompile>
    <ClCompile Include="ext\portable_executable\exception_directory.cpp">
      <Filter>Source Files</Filter>
    </ClCompile>
    <ClCompile Include="ext\portable_executable\export_directory.cpp">
      <Filter>Source Files</Filter>
    </ClCompile>
    <ClCompile Include="ext\portable_executable\file.cpp">
      <Filter>Source Files</Filter>
    </ClCompile>
    <ClCompile Include="ext\portable_executable\image.cpp">
      <Filter>Source Files</Filter>
    </ClCompile>
    <ClCompile Include="ext\portable_executable\imports_directory.cpp">
      <Filter>Source Files</Filter>
    </ClCompile>
    <ClCompile Include="ext\portable_executable\nt_headers.cpp">
      <Filter>Source Files</Filter>
    </ClCompile>
    <ClCompile Include="ext\portable_executable\relocations_directory.cpp">
      <Filter>Source Files</Filter>
    </ClCompile>
    <ClCompile Include="ext\portable_executable\section_header.cpp">
      <Filter>Source Files</Filter>
    </ClCompile>
    <ClCompile Include="src\emulator\backend\unicorn_backend.cpp">
      <Filter>Source Files</Filter>
    </ClCompile>
    <ClCompile Include="ext\hypermulator\arch\decoder.cpp">
      <Filter>Source Files</Filter>
    </ClCompile>
    <ClCompile Include="ext\hypermulator\emulator\emulator.cpp">
      <Filter>Source Files</Filter>
    </ClCompile>
    <ClCompile Include="ext\hypermulator\emulator\mode_setup.cpp">
      <Filter>Source Files</Filter>
    </ClCompile>
    <ClCompile Include="ext\hypermulator\guest\guest_partition.cpp">
      <Filter>Source Files</Filter>
    </ClCompile>
    <ClCompile Include="ext\hypermulator\guest\guest_virtual_processor.cpp">
      <Filter>Source Files</Filter>
    </ClCompile>
    <ClCompile Include="ext\hypermulator\guest\guest_vmexit.cpp">
      <Filter>Source Files</Filter>
    </ClCompile>
    <ClCompile Include="src\emulator\backend\hypermulator_backend.cpp">
      <Filter>Source Files</Filter>
    </ClCompile>
    <ClCompile Include="ext\hypermulator\emulator\emulator_hook.cpp">
      <Filter>Source Files</Filter>
    </ClCompile>
    <ClCompile Include="src\emulator\emulator_memory.cpp">
      <Filter>Source Files</Filter>
    </ClCompile>
    <ClCompile Include="src\filesystem\filesystem.cpp">
      <Filter>Source Files</Filter>
    </ClCompile>
    <ClCompile Include="src\registry\registry.cpp">
      <Filter>Source Files</Filter>
    </ClCompile>
    <ClCompile Include="src\impl\ntoskrnl\nt_file.cpp">
      <Filter>Source Files</Filter>
    </ClCompile>
    <ClCompile Include="src\impl\ntoskrnl\nt_format.cpp">
      <Filter>Source Files</Filter>
    </ClCompile>
    <ClCompile Include="src\impl\ntoskrnl\nt_helpers.cpp">
      <Filter>Source Files</Filter>
    </ClCompile>
    <ClCompile Include="src\impl\ntoskrnl\nt_memory.cpp">
      <Filter>Source Files</Filter>
    </ClCompile>
    <ClCompile Include="src\impl\ntoskrnl\nt_misc.cpp">
      <Filter>Source Files</Filter>
    </ClCompile>
    <ClCompile Include="src\impl\ntoskrnl\nt_registry.cpp">
      <Filter>Source Files</Filter>
    </ClCompile>
    <ClCompile Include="src\impl\ntoskrnl\nt_sysinfo.cpp">
      <Filter>Source Files</Filter>
    </ClCompile>
    <ClCompile Include="src\impl\ntoskrnl\nt_string.cpp">
      <Filter>Source Files</Filter>
    </ClCompile>
    <ClCompile Include="src\impl\ntoskrnl\nt_time.cpp">
      <Filter>Source Files</Filter>
    </ClCompile>
    <ClCompile Include="src\kernel\image_loader.cpp">
      <Filter>Source Files</Filter>
    </ClCompile>
    <ClCompile Include="src\kernel\segments.cpp">
      <Filter>Source Files</Filter>
    </ClCompile>
    <ClCompile Include="src\image\pdb\pdb_file.cpp">
      <Filter>Source Files</Filter>
    </ClCompile>
    <ClCompile Include="src\image\pdb\symbol_server.cpp">
      <Filter>Source Files</Filter>
    </ClCompile>
    <ClCompile Include="ext\raw_pdb\PDB.cpp">
      <Filter>Source Files</Filter>
    </ClCompile>
    <ClCompile Include="ext\raw_pdb\PDB_CoalescedMSFStream.cpp">
      <Filter>Source Files</Filter>
    </ClCompile>
    <ClCompile Include="ext\raw_pdb\PDB_DBIStream.cpp">
      <Filter>Source Files</Filter>
    </ClCompile>
    <ClCompile Include="ext\raw_pdb\PDB_DBITypes.cpp">
      <Filter>Source Files</Filter>
    </ClCompile>
    <ClCompile Include="ext\raw_pdb\PDB_DirectMSFStream.cpp">
      <Filter>Source Files</Filter>
    </ClCompile>
    <ClCompile Include="ext\raw_pdb\PDB_GlobalSymbolStream.cpp">
      <Filter>Source Files</Filter>
    </ClCompile>
    <ClCompile Include="ext\raw_pdb\PDB_ImageSectionStream.cpp">
      <Filter>Source Files</Filter>
    </ClCompile>
    <ClCompile Include="ext\raw_pdb\PDB_InfoStream.cpp">
      <Filter>Source Files</Filter>
    </ClCompile>
    <ClCompile Include="ext\raw_pdb\PDB_IPIStream.cpp">
      <Filter>Source Files</Filter>
    </ClCompile>
    <ClCompile Include="ext\raw_pdb\PDB_ModuleInfoStream.cpp">
      <Filter>Source Files</Filter>
    </ClCompile>
    <ClCompile Include="ext\raw_pdb\PDB_ModuleLineStream.cpp">
      <Filter>Source Files</Filter>
    </ClCompile>
    <ClCompile Include="ext\raw_pdb\PDB_ModuleSymbolStream.cpp">
      <Filter>Source Files</Filter>
    </ClCompile>
    <ClCompile Include="ext\raw_pdb\PDB_NamesStream.cpp">
      <Filter>Source Files</Filter>
    </ClCompile>
    <ClCompile Include="ext\raw_pdb\PDB_PCH.cpp">
      <Filter>Source Files</Filter>
    </ClCompile>
    <ClCompile Include="ext\raw_pdb\PDB_PublicSymbolStream.cpp">
      <Filter>Source Files</Filter>
    </ClCompile>
    <ClCompile Include="ext\raw_pdb\PDB_RawFile.cpp">
      <Filter>Source Files</Filter>
    </ClCompile>
    <ClCompile Include="ext\raw_pdb\PDB_SectionContributionStream.cpp">
      <Filter>Source Files</Filter>
    </ClCompile>
    <ClCompile Include="ext\raw_pdb\PDB_SourceFileStream.cpp">
      <Filter>Source Files</Filter>
    </ClCompile>
    <ClCompile Include="ext\raw_pdb\PDB_TPIStream.cpp">
      <Filter>Source Files</Filter>
    </ClCompile>
    <ClCompile Include="ext\raw_pdb\PDB_Types.cpp">
      <Filter>Source Files</Filter>
    </ClCompile>
    <ClCompile Include="src\kernel\kernel.cpp">
      <Filter>Source Files</Filter>
    </ClCompile>
    <ClCompile Include="src\kernel\kernel_string.cpp">
      <Filter>Source Files</Filter>
    </ClCompile>
    <ClCompile Include="src\kernel\exception.cpp">
      <Filter>Source Files</Filter>
    </ClCompile>
    <ClCompile Include="src\impl\ntoskrnl\nt_debugger.cpp">
      <Filter>Source Files</Filter>
    </ClCompile>
    <ClCompile Include="src\impl\ntoskrnl\nt_crashdump.cpp">
      <Filter>Source Files</Filter>
    </ClCompile>
    <ClCompile Include="src\impl\ntoskrnl\nt_object.cpp">
      <Filter>Source Files</Filter>
    </ClCompile>
    <ClCompile Include="src\kernel\object_manager.cpp">
      <Filter>Source Files</Filter>
    </ClCompile>
    <ClCompile Include="src\kernel\process_loader.cpp">
      <Filter>Source Files</Filter>
    </ClCompile>
    <ClCompile Include="src\kernel\thread.cpp">
      <Filter>Source Files</Filter>
    </ClCompile>
    <ClCompile Include="src\impl\impl.cpp">
      <Filter>Source Files</Filter>
    </ClCompile>
    <ClCompile Include="src\impl\ci\ci_sign.cpp">
      <Filter>Source Files</Filter>
    </ClCompile>
    <ClCompile Include="src\impl\cng\cng_bcrypt.cpp">
      <Filter>Source Files</Filter>
    </ClCompile>
  </ItemGroup>
  <ItemGroup>
    <ClInclude Include="ext\portable_executable\data_directory.hpp">
      <Filter>Header Files</Filter>
    </ClInclude>
    <ClInclude Include="ext\portable_executable\debug_directory.hpp">
      <Filter>Header Files</Filter>
    </ClInclude>
    <ClInclude Include="ext\portable_executable\dos_header.hpp">
      <Filter>Header Files</Filter>
    </ClInclude>
    <ClInclude Include="ext\portable_executable\exception_directory.hpp">
      <Filter>Header Files</Filter>
    </ClInclude>
    <ClInclude Include="ext\portable_executable\export_directory.hpp">
      <Filter>Header Files</Filter>
    </ClInclude>
    <ClInclude Include="ext\portable_executable\file.hpp">
      <Filter>Header Files</Filter>
    </ClInclude>
    <ClInclude Include="ext\portable_executable\file_header.hpp">
      <Filter>Header Files</Filter>
    </ClInclude>
    <ClInclude Include="ext\portable_executable\image.hpp">
      <Filter>Header Files</Filter>
    </ClInclude>
    <ClInclude Include="ext\portable_executable\imports_directory.hpp">
      <Filter>Header Files</Filter>
    </ClInclude>
    <ClInclude Include="ext\portable_executable\nt_headers.hpp">
      <Filter>Header Files</Filter>
    </ClInclude>
    <ClInclude Include="ext\portable_executable\optional_header.hpp">
      <Filter>Header Files</Filter>
    </ClInclude>
    <ClInclude Include="ext\portable_executable\relocations_directory.hpp">
      <Filter>Header Files</Filter>
    </ClInclude>
    <ClInclude Include="ext\portable_executable\section_header.hpp">
      <Filter>Header Files</Filter>
    </ClInclude>
    <ClInclude Include="src\emulator\emulator.hpp">
      <Filter>Header Files</Filter>
    </ClInclude>
    <ClInclude Include="src\emulator\backend\unicorn_backend.hpp">
      <Filter>Header Files</Filter>
    </ClInclude>
    <ClInclude Include="ext\hypermulator\arch\decoder.hpp">
      <Filter>Header Files</Filter>
    </ClInclude>
    <ClInclude Include="ext\hypermulator\arch\instruction.hpp">
      <Filter>Header Files</Filter>
    </ClInclude>
    <ClInclude Include="ext\hypermulator\emulator\emulator.hpp">
      <Filter>Header Files</Filter>
    </ClInclude>
    <ClInclude Include="ext\hypermulator\guest\guest_memory.hpp">
      <Filter>Header Files</Filter>
    </ClInclude>
    <ClInclude Include="ext\hypermulator\guest\guest_partition.hpp">
      <Filter>Header Files</Filter>
    </ClInclude>
    <ClInclude Include="ext\hypermulator\guest\guest_register.hpp">
      <Filter>Header Files</Filter>
    </ClInclude>
    <ClInclude Include="ext\hypermulator\guest\guest_virtual_processor.hpp">
      <Filter>Header Files</Filter>
    </ClInclude>
    <ClInclude Include="ext\hypermulator\guest\guest_vmexit.hpp">
      <Filter>Header Files</Filter>
    </ClInclude>
    <ClInclude Include="src\emulator\backend\hypermulator_backend.hpp">
      <Filter>Header Files</Filter>
    </ClInclude>
    <ClInclude Include="ext\portable_executable\load_config_directory.hpp">
      <Filter>Header Files</Filter>
    </ClInclude>
    <ClInclude Include="src\emulator\object.hpp">
      <Filter>Header Files</Filter>
    </ClInclude>
    <ClInclude Include="src\image\mapped_image.hpp">
      <Filter>Header Files</Filter>
    </ClInclude>
    <ClInclude Include="src\filesystem\filesystem.hpp">
      <Filter>Header Files</Filter>
    </ClInclude>
    <ClInclude Include="src\registry\registry.hpp">
      <Filter>Header Files</Filter>
    </ClInclude>
    <ClInclude Include="src\impl\ntoskrnl\nt_helpers.hpp">
      <Filter>Header Files</Filter>
    </ClInclude>
    <ClInclude Include="src\kernel\image_loader.hpp">
      <Filter>Header Files</Filter>
    </ClInclude>
    <ClInclude Include="src\kernel\segments.hpp">
      <Filter>Header Files</Filter>
    </ClInclude>
    <ClInclude Include="src\image\pdb\pdb_file.hpp">
      <Filter>Header Files</Filter>
    </ClInclude>
    <ClInclude Include="src\image\pdb\symbol_server.hpp">
      <Filter>Header Files</Filter>
    </ClInclude>
    <ClInclude Include="ext\raw_pdb\Foundation\PDB_ArrayView.h">
      <Filter>Header Files</Filter>
    </ClInclude>
    <ClInclude Include="ext\raw_pdb\Foundation\PDB_Assert.h">
      <Filter>Header Files</Filter>
    </ClInclude>
    <ClInclude Include="ext\raw_pdb\Foundation\PDB_BitOperators.h">
      <Filter>Header Files</Filter>
    </ClInclude>
    <ClInclude Include="ext\raw_pdb\Foundation\PDB_BitUtil.h">
      <Filter>Header Files</Filter>
    </ClInclude>
    <ClInclude Include="ext\raw_pdb\Foundation\PDB_CRT.h">
      <Filter>Header Files</Filter>
    </ClInclude>
    <ClInclude Include="ext\raw_pdb\Foundation\PDB_Forward.h">
      <Filter>Header Files</Filter>
    </ClInclude>
    <ClInclude Include="ext\raw_pdb\Foundation\PDB_Log.h">
      <Filter>Header Files</Filter>
    </ClInclude>
    <ClInclude Include="ext\raw_pdb\Foundation\PDB_Macros.h">
      <Filter>Header Files</Filter>
    </ClInclude>
    <ClInclude Include="ext\raw_pdb\Foundation\PDB_Memory.h">
      <Filter>Header Files</Filter>
    </ClInclude>
    <ClInclude Include="ext\raw_pdb\Foundation\PDB_Move.h">
      <Filter>Header Files</Filter>
    </ClInclude>
    <ClInclude Include="ext\raw_pdb\Foundation\PDB_Platform.h">
      <Filter>Header Files</Filter>
    </ClInclude>
    <ClInclude Include="ext\raw_pdb\Foundation\PDB_PointerUtil.h">
      <Filter>Header Files</Filter>
    </ClInclude>
    <ClInclude Include="ext\raw_pdb\Foundation\PDB_TypeTraits.h">
      <Filter>Header Files</Filter>
    </ClInclude>
    <ClInclude Include="ext\raw_pdb\Foundation\PDB_Warnings.h">
      <Filter>Header Files</Filter>
    </ClInclude>
    <ClInclude Include="ext\raw_pdb\PDB.h">
      <Filter>Header Files</Filter>
    </ClInclude>
    <ClInclude Include="ext\raw_pdb\PDB_CoalescedMSFStream.h">
      <Filter>Header Files</Filter>
    </ClInclude>
    <ClInclude Include="ext\raw_pdb\PDB_DBIStream.h">
      <Filter>Header Files</Filter>
    </ClInclude>
    <ClInclude Include="ext\raw_pdb\PDB_DBITypes.h">
      <Filter>Header Files</Filter>
    </ClInclude>
    <ClInclude Include="ext\raw_pdb\PDB_DirectMSFStream.h">
      <Filter>Header Files</Filter>
    </ClInclude>
    <ClInclude Include="ext\raw_pdb\PDB_ErrorCodes.h">
      <Filter>Header Files</Filter>
    </ClInclude>
    <ClInclude Include="ext\raw_pdb\PDB_GlobalSymbolStream.h">
      <Filter>Header Files</Filter>
    </ClInclude>
    <ClInclude Include="ext\raw_pdb\PDB_ImageSectionStream.h">
      <Filter>Header Files</Filter>
    </ClInclude>
    <ClInclude Include="ext\raw_pdb\PDB_InfoStream.h">
      <Filter>Header Files</Filter>
    </ClInclude>
    <ClInclude Include="ext\raw_pdb\PDB_IPIStream.h">
      <Filter>Header Files</Filter>
    </ClInclude>
    <ClInclude Include="ext\raw_pdb\PDB_IPITypes.h">
      <Filter>Header Files</Filter>
    </ClInclude>
    <ClInclude Include="ext\raw_pdb\PDB_ModuleInfoStream.h">
      <Filter>Header Files</Filter>
    </ClInclude>
    <ClInclude Include="ext\raw_pdb\PDB_ModuleLineStream.h">
      <Filter>Header Files</Filter>
    </ClInclude>
    <ClInclude Include="ext\raw_pdb\PDB_ModuleSymbolStream.h">
      <Filter>Header Files</Filter>
    </ClInclude>
    <ClInclude Include="ext\raw_pdb\PDB_NamesStream.h">
      <Filter>Header Files</Filter>
    </ClInclude>
    <ClInclude Include="ext\raw_pdb\PDB_PCH.h">
      <Filter>Header Files</Filter>
    </ClInclude>
    <ClInclude Include="ext\raw_pdb\PDB_PublicSymbolStream.h">
      <Filter>Header Files</Filter>
    </ClInclude>
    <ClInclude Include="ext\raw_pdb\PDB_RawFile.h">
      <Filter>Header Files</Filter>
    </ClInclude>
    <ClInclude Include="ext\raw_pdb\PDB_SectionContributionStream.h">
      <Filter>Header Files</Filter>
    </ClInclude>
    <ClInclude Include="ext\raw_pdb\PDB_SourceFileStream.h">
      <Filter>Header Files</Filter>
    </ClInclude>
    <ClInclude Include="ext\raw_pdb\PDB_TPIStream.h">
      <Filter>Header Files</Filter>
    </ClInclude>
    <ClInclude Include="ext\raw_pdb\PDB_TPITypes.h">
      <Filter>Header Files</Filter>
    </ClInclude>
    <ClInclude Include="ext\raw_pdb\PDB_Types.h">
      <Filter>Header Files</Filter>
    </ClInclude>
    <ClInclude Include="ext\raw_pdb\PDB_Util.h">
      <Filter>Header Files</Filter>
    </ClInclude>
    <ClInclude Include="src\config.hpp">
      <Filter>Header Files</Filter>
    </ClInclude>
    <ClInclude Include="src\kernel\kernel.hpp">
      <Filter>Header Files</Filter>
    </ClInclude>
    <ClInclude Include="src\kernel\kernel_string.hpp">
      <Filter>Header Files</Filter>
    </ClInclude>
    <ClInclude Include="src\kernel\kernel_def.hpp">
      <Filter>Header Files</Filter>
    </ClInclude>
    <ClInclude Include="src\util\util.hpp">
      <Filter>Header Files</Filter>
    </ClInclude>
    <ClInclude Include="src\kernel\exception.hpp">
      <Filter>Header Files</Filter>
    </ClInclude>
    <ClInclude Include="src\impl\ntoskrnl\nt_crashdump.hpp">
      <Filter>Header Files</Filter>
    </ClInclude>
    <ClInclude Include="src\impl\ntoskrnl\nt_debugger.hpp">
      <Filter>Header Files</Filter>
    </ClInclude>
    <ClInclude Include="src\impl\ntoskrnl\nt_object.hpp">
      <Filter>Header Files</Filter>
    </ClInclude>
    <ClInclude Include="src\kernel\process_loader.hpp">
      <Filter>Header Files</Filter>
    </ClInclude>
    <ClInclude Include="src\kernel\thread.hpp">
      <Filter>Header Files</Filter>
    </ClInclude>
    <ClInclude Include="src\kernel\object_manager.hpp">
      <Filter>Header Files</Filter>
    </ClInclude>
    <ClInclude Include="src\util\logs.hpp">
      <Filter>Header Files</Filter>
    </ClInclude>
    <ClInclude Include="src\impl\cng\cng_bcrypt.hpp">
      <Filter>Header Files</Filter>
    </ClInclude>
    <ClInclude Include="src\impl\cng\cng_helpers.hpp">
      <Filter>Header Files</Filter>
    </ClInclude>
    <ClInclude Include="src\impl\impl.hpp">
      <Filter>Header Files</Filter>
    </ClInclude>
    <ClInclude Include="src\impl\ci\ci_helpers.hpp">
      <Filter>Header Files</Filter>
    </ClInclude>
    <ClInclude Include="src\impl\ci\ci_sign.hpp">
      <Filter>Header Files</Filter>
    </ClInclude>
  </ItemGroup>
</Project>